<?xml version="1.0" encoding="utf-8"?>
<Project ToolsVersion="4.0" xmlns="http://schemas.microsoft.com/developer/msbuild/2003">
  <ItemGroup>
    <ClCompile Include="src\AI.cpp" />
    <ClCompile Include="src\audio.cpp" />
    <ClCompile Include="src\components.cpp" />
    <ClCompile Include="src\input.cpp" />
    <ClCompile Include="src\entity.cpp" />
    <ClCompile Include="src\fgen.cpp" />
    <ClCompile Include="src\globals.cpp" />
    <ClCompile Include="src\graphics.cpp" />
    <ClCompile Include="src\main.cpp" />
    <ClCompile Include="src\matrix.cpp" />
    <ClCompile Include="src\particle.cpp" />
    <ClCompile Include="src\physics.cpp" />
    <ClCompile Include="src\player.cpp" />
    <ClCompile Include="src\resourcemanager.cpp" />
    <ClCompile Include="src\scene.cpp" />
    <ClCompile Include="src\shape.cpp" />
    <ClCompile Include="src\sprite.cpp" />
    <ClCompile Include="src\statemachine.cpp" />
    <ClCompile Include="src\vectors.cpp" />
    <ClCompile Include="include\input.h" />
    <ClCompile Include="include\resourcemanager.h" />
    <ClCompile Include="include\statemachine.h" />
    <ClCompile Include="src\fault.cpp" />
    <ClCompile Include="include\fault.h" />
  </ItemGroup>
  <ItemGroup>
    <ClInclude Include="include\AI.h" />
    <ClInclude Include="include\audio.h" />
    <ClInclude Include="include\components.h" />
    <ClInclude Include="include\entity.h" />
    <ClInclude Include="include\fgen.h" />
    <ClInclude Include="include\globals.h" />
    <ClInclude Include="include\graphics.h" />
    <ClInclude Include="include\main.h" />
    <ClInclude Include="include\matrix.h" />
    <ClInclude Include="include\particle.h" />
    <ClInclude Include="include\physics.h" />
    <ClInclude Include="include\player.h" />
    <ClInclude Include="include\scene.h" />
    <ClInclude Include="include\shape.h" />
    <ClInclude Include="include\sprite.h" />
    <ClInclude Include="include\vectors.h" />
  </ItemGroup>
</Project>